
Microsoft Visual Studio Solution File, Format Version 12.00
# Visual Studio Version 16
VisualStudioVersion = 16.0.31702.278
MinimumVisualStudioVersion = 10.0.40219.1
Project("{FAE04EC0-301F-11D3-BF4B-00C04F79EFBC}") = "PrimeNumber", "PrimeNumber.csproj", "{0F167E97-3E27-42EA-A049-3571F18A9B4A}"
EndProject
Global
	GlobalSection(SolutionConfigurationPlatforms) = preSolution
		Debug|Any CPU = Debug|Any CPU
		Release|Any CPU = Release|Any CPU
	EndGlobalSection
	GlobalSection(ProjectConfigurationPlatforms) = postSolution
		{0F167E97-3E27-42EA-A049-3571F18A9B4A}.Debug|Any CPU.ActiveCfg = Debug|Any CPU
		{0F167E97-3E27-42EA-A049-3571F18A9B4A}.Debug|Any CPU.Build.0 = Debug|Any CPU
		{0F167E97-3E27-42EA-A049-3571F18A9B4A}.Release|Any CPU.ActiveCfg = Release|Any CPU
		{0F167E97-3E27-42EA-A049-3571F18A9B4A}.Release|Any CPU.Build.0 = Release|Any CPU
	EndGlobalSection
	GlobalSection(SolutionProperties) = preSolution
		HideSolutionNode = FALSE
	EndGlobalSection
	GlobalSection(ExtensibilityGlobals) = postSolution
		SolutionGuid = {02E1AD8B-45C5-450E-A53B-853170638A2F}
	EndGlobalSection
EndGlobal
